
Microsoft Visual Studio Solution File, Format Version 12.00
# Visual Studio Version 16
VisualStudioVersion = 16.0.30503.244
MinimumVisualStudioVersion = 10.0.40219.1
Project("{FAE04EC0-301F-11D3-BF4B-00C04F79EFBC}") = "C sharp practice", "C sharp practice\C sharp practice.csproj", "{A520E0A0-B76A-4DFF-9217-9FE2DBB2208C}"
EndProject
Global
	GlobalSection(SolutionConfigurationPlatforms) = preSolution
		Debug|Any CPU = Debug|Any CPU
		Release|Any CPU = Release|Any CPU
	EndGlobalSection
	GlobalSection(ProjectConfigurationPlatforms) = postSolution
		{A520E0A0-B76A-4DFF-9217-9FE2DBB2208C}.Debug|Any CPU.ActiveCfg = Debug|Any CPU
		{A520E0A0-B76A-4DFF-9217-9FE2DBB2208C}.Debug|Any CPU.Build.0 = Debug|Any CPU
		{A520E0A0-B76A-4DFF-9217-9FE2DBB2208C}.Release|Any CPU.ActiveCfg = Release|Any CPU
		{A520E0A0-B76A-4DFF-9217-9FE2DBB2208C}.Release|Any CPU.Build.0 = Release|Any CPU
	EndGlobalSection
	GlobalSection(SolutionProperties) = preSolution
		HideSolutionNode = FALSE
	EndGlobalSection
	GlobalSection(ExtensibilityGlobals) = postSolution
		SolutionGuid = {753971D3-D354-43AA-A566-C2FC44B6A235}
	EndGlobalSection
EndGlobal
